PODS:
  - Alamofire (5.6.2)
  - Kingfisher (7.3.1)
  - SnapKit (5.6.0)

DEPENDENCIES:
  - Alamofire
  - Kingfisher (~> 7.0)
  - SnapKit (~> 5.6.0)

SPEC REPOS:
  trunk:
    - Alamofire
    - Kingfisher
    - SnapKit

SPEC CHECKSUMS:
  Alamofire: d368e1ff8a298e6dde360e35a3e68e6c610e7204
  Kingfisher: f411ab4902e733fc0c40522920fb5a236d7a7334
  SnapKit: e01d52ebb8ddbc333eefe2132acf85c8227d9c25

PODFILE CHECKSUM: 036d65e69642e717e7f5e20388bdfc0556948bb5

COCOAPODS: 1.11.3
