// !$*UTF8*$!
{
	archiveVersion = 1;
	classes = {
	};
	objectVersion = 56;
	objects = {

/* Begin PBXBuildFile section */
		3D836B2C2922877F000F8209 /* AppDelegate.swift in Sources */ = {isa = PBXBuildFile; fileRef = 3D836B2B2922877F000F8209 /* AppDelegate.swift */; };
		3D836B2E2922877F000F8209 /* SceneDelegate.swift in Sources */ = {isa = PBXBuildFile; fileRef = 3D836B2D2922877F000F8209 /* SceneDelegate.swift */; };
		3D836B302922877F000F8209 /* MainViewController.swift in Sources */ = {isa = PBXBuildFile; fileRef = 3D836B2F2922877F000F8209 /* MainViewController.swift */; };
		3D836B3529228781000F8209 /* Assets.xcassets in Resources */ = {isa = PBXBuildFile; fileRef = 3D836B3429228781000F8209 /* Assets.xcassets */; };
		3D836B3829228781000F8209 /* LaunchScreen.storyboard in Resources */ = {isa = PBXBuildFile; fileRef = 3D836B3629228781000F8209 /* LaunchScreen.storyboard */; };
		3D836B432922892D000F8209 /* MainViewModel.swift in Sources */ = {isa = PBXBuildFile; fileRef = 3D836B422922892D000F8209 /* MainViewModel.swift */; };
		3D836B4A2922CA9A000F8209 /* EndPoint.swift in Sources */ = {isa = PBXBuildFile; fileRef = 3D836B492922CA9A000F8209 /* EndPoint.swift */; };
		3D836B4D2922CB04000F8209 /* Strings.swift in Sources */ = {isa = PBXBuildFile; fileRef = 3D836B4C2922CB04000F8209 /* Strings.swift */; };
		3D836B4F2922CF46000F8209 /* ResponseModel.swift in Sources */ = {isa = PBXBuildFile; fileRef = 3D836B4E2922CF46000F8209 /* ResponseModel.swift */; };
		3D836B512922CF5E000F8209 /* Movie.swift in Sources */ = {isa = PBXBuildFile; fileRef = 3D836B502922CF5E000F8209 /* Movie.swift */; };
		3D836B532922CF87000F8209 /* NetworkManager.swift in Sources */ = {isa = PBXBuildFile; fileRef = 3D836B522922CF87000F8209 /* NetworkManager.swift */; };
		3D836B572922DD73000F8209 /* ImageView+Extension.swift in Sources */ = {isa = PBXBuildFile; fileRef = 3D836B562922DD73000F8209 /* ImageView+Extension.swift */; };
		3D836B5B2922EA56000F8209 /* NowPlayingCell.swift in Sources */ = {isa = PBXBuildFile; fileRef = 3D836B5A2922EA56000F8209 /* NowPlayingCell.swift */; };
		C350BF975EAE9C05EDD844AC /* Pods_MovieApp.framework in Frameworks */ = {isa = PBXBuildFile; fileRef = C08F09BBE5026FD9C1D562BB /* Pods_MovieApp.framework */; };
/* End PBXBuildFile section */

/* Begin PBXFileReference section */
		3D836B282922877F000F8209 /* MovieApp.app */ = {isa = PBXFileReference; explicitFileType = wrapper.application; includeInIndex = 0; path = MovieApp.app; sourceTree = BUILT_PRODUCTS_DIR; };
		3D836B2B2922877F000F8209 /* AppDelegate.swift */ = {isa = PBXFileReference; lastKnownFileType = sourcecode.swift; path = AppDelegate.swift; sourceTree = "<group>"; };
		3D836B2D2922877F000F8209 /* SceneDelegate.swift */ = {isa = PBXFileReference; lastKnownFileType = sourcecode.swift; path = SceneDelegate.swift; sourceTree = "<group>"; };
		3D836B2F2922877F000F8209 /* MainViewController.swift */ = {isa = PBXFileReference; lastKnownFileType = sourcecode.swift; path = MainViewController.swift; sourceTree = "<group>"; };
		3D836B3429228781000F8209 /* Assets.xcassets */ = {isa = PBXFileReference; lastKnownFileType = folder.assetcatalog; path = Assets.xcassets; sourceTree = "<group>"; };
		3D836B3729228781000F8209 /* Base */ = {isa = PBXFileReference; lastKnownFileType = file.storyboard; name = Base; path = Base.lproj/LaunchScreen.storyboard; sourceTree = "<group>"; };
		3D836B3929228781000F8209 /* Info.plist */ = {isa = PBXFileReference; lastKnownFileType = text.plist.xml; path = Info.plist; sourceTree = "<group>"; };
		3D836B422922892D000F8209 /* MainViewModel.swift */ = {isa = PBXFileReference; lastKnownFileType = sourcecode.swift; path = MainViewModel.swift; sourceTree = "<group>"; };
		3D836B492922CA9A000F8209 /* EndPoint.swift */ = {isa = PBXFileReference; lastKnownFileType = sourcecode.swift; path = EndPoint.swift; sourceTree = "<group>"; };
		3D836B4C2922CB04000F8209 /* Strings.swift */ = {isa = PBXFileReference; lastKnownFileType = sourcecode.swift; path = Strings.swift; sourceTree = "<group>"; };
		3D836B4E2922CF46000F8209 /* ResponseModel.swift */ = {isa = PBXFileReference; lastKnownFileType = sourcecode.swift; path = ResponseModel.swift; sourceTree = "<group>"; };
		3D836B502922CF5E000F8209 /* Movie.swift */ = {isa = PBXFileReference; lastKnownFileType = sourcecode.swift; path = Movie.swift; sourceTree = "<group>"; };
		3D836B522922CF87000F8209 /* NetworkManager.swift */ = {isa = PBXFileReference; lastKnownFileType = sourcecode.swift; path = NetworkManager.swift; sourceTree = "<group>"; };
		3D836B562922DD73000F8209 /* ImageView+Extension.swift */ = {isa = PBXFileReference; lastKnownFileType = sourcecode.swift; path = "ImageView+Extension.swift"; sourceTree = "<group>"; };
		3D836B5A2922EA56000F8209 /* NowPlayingCell.swift */ = {isa = PBXFileReference; lastKnownFileType = sourcecode.swift; path = NowPlayingCell.swift; sourceTree = "<group>"; };
		49BA48756DA081992214782A /* Pods-MovieApp.debug.xcconfig */ = {isa = PBXFileReference; includeInIndex = 1; lastKnownFileType = text.xcconfig; name = "Pods-MovieApp.debug.xcconfig"; path = "Target Support Files/Pods-MovieApp/Pods-MovieApp.debug.xcconfig"; sourceTree = "<group>"; };
		9B88D7A8136FDD2F5480768E /* Pods-MovieApp.release.xcconfig */ = {isa = PBXFileReference; includeInIndex = 1; lastKnownFileType = text.xcconfig; name = "Pods-MovieApp.release.xcconfig"; path = "Target Support Files/Pods-MovieApp/Pods-MovieApp.release.xcconfig"; sourceTree = "<group>"; };
		C08F09BBE5026FD9C1D562BB /* Pods_MovieApp.framework */ = {isa = PBXFileReference; explicitFileType = wrapper.framework; includeInIndex = 0; path = Pods_MovieApp.framework; sourceTree = BUILT_PRODUCTS_DIR; };
/* End PBXFileReference section */

/* Begin PBXFrameworksBuildPhase section */
		3D836B252922877F000F8209 /* Frameworks */ = {
			isa = PBXFrameworksBuildPhase;
			buildActionMask = 2147483647;
			files = (
				C350BF975EAE9C05EDD844AC /* Pods_MovieApp.framework in Frameworks */,
			);
			runOnlyForDeploymentPostprocessing = 0;
		};
/* End PBXFrameworksBuildPhase section */

/* Begin PBXGroup section */
		3D836B1F2922877F000F8209 = {
			isa = PBXGroup;
			children = (
				3D836B2A2922877F000F8209 /* MovieApp */,
				3D836B292922877F000F8209 /* Products */,
				AA6D4391258BF8CA8227604A /* Pods */,
				5D26414DD78DC4178D356F51 /* Frameworks */,
			);
			sourceTree = "<group>";
		};
		3D836B292922877F000F8209 /* Products */ = {
			isa = PBXGroup;
			children = (
				3D836B282922877F000F8209 /* MovieApp.app */,
			);
			name = Products;
			sourceTree = "<group>";
		};
		3D836B2A2922877F000F8209 /* MovieApp */ = {
			isa = PBXGroup;
			children = (
				3D836B3F2922888B000F8209 /* App */,
				3D836B462922CA79000F8209 /* Core */,
				3D836B40292288A3000F8209 /* Scenes */,
				3D836B582922EA24000F8209 /* UI Components */,
				3D836B4B2922CAED000F8209 /* Constants */,
				3D836B4529228996000F8209 /* Resources */,
				3D836B552922DD63000F8209 /* Extensions */,
			);
			path = MovieApp;
			sourceTree = "<group>";
		};
		3D836B3F2922888B000F8209 /* App */ = {
			isa = PBXGroup;
			children = (
				3D836B2B2922877F000F8209 /* AppDelegate.swift */,
				3D836B2D2922877F000F8209 /* SceneDelegate.swift */,
				3D836B3629228781000F8209 /* LaunchScreen.storyboard */,
			);
			path = App;
			sourceTree = "<group>";
		};
		3D836B40292288A3000F8209 /* Scenes */ = {
			isa = PBXGroup;
			children = (
				3D836B41292288E5000F8209 /* Main */,
				3D836B4429228937000F8209 /* MovieDetail */,
			);
			path = Scenes;
			sourceTree = "<group>";
		};
		3D836B41292288E5000F8209 /* Main */ = {
			isa = PBXGroup;
			children = (
				3D836B2F2922877F000F8209 /* MainViewController.swift */,
				3D836B422922892D000F8209 /* MainViewModel.swift */,
			);
			path = Main;
			sourceTree = "<group>";
		};
		3D836B4429228937000F8209 /* MovieDetail */ = {
			isa = PBXGroup;
			children = (
			);
			path = MovieDetail;
			sourceTree = "<group>";
		};
		3D836B4529228996000F8209 /* Resources */ = {
			isa = PBXGroup;
			children = (
				3D836B3929228781000F8209 /* Info.plist */,
				3D836B3429228781000F8209 /* Assets.xcassets */,
			);
			path = Resources;
			sourceTree = "<group>";
		};
		3D836B462922CA79000F8209 /* Core */ = {
			isa = PBXGroup;
			children = (
				3D836B472922CA81000F8209 /* API */,
				3D836B482922CA86000F8209 /* Entity */,
			);
			path = Core;
			sourceTree = "<group>";
		};
		3D836B472922CA81000F8209 /* API */ = {
			isa = PBXGroup;
			children = (
				3D836B492922CA9A000F8209 /* EndPoint.swift */,
				3D836B522922CF87000F8209 /* NetworkManager.swift */,
			);
			path = API;
			sourceTree = "<group>";
		};
		3D836B482922CA86000F8209 /* Entity */ = {
			isa = PBXGroup;
			children = (
				3D836B4E2922CF46000F8209 /* ResponseModel.swift */,
				3D836B502922CF5E000F8209 /* Movie.swift */,
			);
			path = Entity;
			sourceTree = "<group>";
		};
		3D836B4B2922CAED000F8209 /* Constants */ = {
			isa = PBXGroup;
			children = (
				3D836B4C2922CB04000F8209 /* Strings.swift */,
			);
			path = Constants;
			sourceTree = "<group>";
		};
		3D836B552922DD63000F8209 /* Extensions */ = {
			isa = PBXGroup;
			children = (
				3D836B562922DD73000F8209 /* ImageView+Extension.swift */,
			);
			path = Extensions;
			sourceTree = "<group>";
		};
		3D836B582922EA24000F8209 /* UI Components */ = {
			isa = PBXGroup;
			children = (
				3D836B592922EA2F000F8209 /* Cells */,
			);
			path = "UI Components";
			sourceTree = "<group>";
		};
		3D836B592922EA2F000F8209 /* Cells */ = {
			isa = PBXGroup;
			children = (
				3D836B5A2922EA56000F8209 /* NowPlayingCell.swift */,
			);
			path = Cells;
			sourceTree = "<group>";
		};
		5D26414DD78DC4178D356F51 /* Frameworks */ = {
			isa = PBXGroup;
			children = (
				C08F09BBE5026FD9C1D562BB /* Pods_MovieApp.framework */,
			);
			name = Frameworks;
			sourceTree = "<group>";
		};
		AA6D4391258BF8CA8227604A /* Pods */ = {
			isa = PBXGroup;
			children = (
				49BA48756DA081992214782A /* Pods-MovieApp.debug.xcconfig */,
				9B88D7A8136FDD2F5480768E /* Pods-MovieApp.release.xcconfig */,
			);
			path = Pods;
			sourceTree = "<group>";
		};
/* End PBXGroup section */

/* Begin PBXNativeTarget section */
		3D836B272922877F000F8209 /* MovieApp */ = {
			isa = PBXNativeTarget;
			buildConfigurationList = 3D836B3C29228781000F8209 /* Build configuration list for PBXNativeTarget "MovieApp" */;
			buildPhases = (
				47DDEAC1D2F63702BF381F57 /* [CP] Check Pods Manifest.lock */,
				3D836B242922877F000F8209 /* Sources */,
				3D836B252922877F000F8209 /* Frameworks */,
				3D836B262922877F000F8209 /* Resources */,
				D6DC9FDE18FE286ABFFCFD7A /* [CP] Embed Pods Frameworks */,
			);
			buildRules = (
			);
			dependencies = (
			);
			name = MovieApp;
			productName = MovieApp;
			productReference = 3D836B282922877F000F8209 /* MovieApp.app */;
			productType = "com.apple.product-type.application";
		};
/* End PBXNativeTarget section */

/* Begin PBXProject section */
		3D836B202922877F000F8209 /* Project object */ = {
			isa = PBXProject;
			attributes = {
				BuildIndependentTargetsInParallel = 1;
				LastSwiftUpdateCheck = 1400;
				LastUpgradeCheck = 1400;
				TargetAttributes = {
					3D836B272922877F000F8209 = {
						CreatedOnToolsVersion = 14.0.1;
					};
				};
			};
			buildConfigurationList = 3D836B232922877F000F8209 /* Build configuration list for PBXProject "MovieApp" */;
			compatibilityVersion = "Xcode 14.0";
			developmentRegion = en;
			hasScannedForEncodings = 0;
			knownRegions = (
				en,
				Base,
			);
			mainGroup = 3D836B1F2922877F000F8209;
			productRefGroup = 3D836B292922877F000F8209 /* Products */;
			projectDirPath = "";
			projectRoot = "";
			targets = (
				3D836B272922877F000F8209 /* MovieApp */,
			);
		};
/* End PBXProject section */

/* Begin PBXResourcesBuildPhase section */
		3D836B262922877F000F8209 /* Resources */ = {
			isa = PBXResourcesBuildPhase;
			buildActionMask = 2147483647;
			files = (
				3D836B3829228781000F8209 /* LaunchScreen.storyboard in Resources */,
				3D836B3529228781000F8209 /* Assets.xcassets in Resources */,
			);
			runOnlyForDeploymentPostprocessing = 0;
		};
/* End PBXResourcesBuildPhase section */

/* Begin PBXShellScriptBuildPhase section */
		47DDEAC1D2F63702BF381F57 /* [CP] Check Pods Manifest.lock */ = {
			isa = PBXShellScriptBuildPhase;
			buildActionMask = 2147483647;
			files = (
			);
			inputFileListPaths = (
			);
			inputPaths = (
				"${PODS_PODFILE_DIR_PATH}/Podfile.lock",
				"${PODS_ROOT}/Manifest.lock",
			);
			name = "[CP] Check Pods Manifest.lock";
			outputFileListPaths = (
			);
			outputPaths = (
				"$(DERIVED_FILE_DIR)/Pods-MovieApp-checkManifestLockResult.txt",
			);
			runOnlyForDeploymentPostprocessing = 0;
			shellPath = /bin/sh;
			shellScript = "diff \"${PODS_PODFILE_DIR_PATH}/Podfile.lock\" \"${PODS_ROOT}/Manifest.lock\" > /dev/null\nif [ $? != 0 ] ; then\n    # print error to STDERR\n    echo \"error: The sandbox is not in sync with the Podfile.lock. Run 'pod install' or update your CocoaPods installation.\" >&2\n    exit 1\nfi\n# This output is used by Xcode 'outputs' to avoid re-running this script phase.\necho \"SUCCESS\" > \"${SCRIPT_OUTPUT_FILE_0}\"\n";
			showEnvVarsInLog = 0;
		};
		D6DC9FDE18FE286ABFFCFD7A /* [CP] Embed Pods Frameworks */ = {
			isa = PBXShellScriptBuildPhase;
			buildActionMask = 2147483647;
			files = (
			);
			inputFileListPaths = (
				"${PODS_ROOT}/Target Support Files/Pods-MovieApp/Pods-MovieApp-frameworks-${CONFIGURATION}-input-files.xcfilelist",
			);
			name = "[CP] Embed Pods Frameworks";
			outputFileListPaths = (
				"${PODS_ROOT}/Target Support Files/Pods-MovieApp/Pods-MovieApp-frameworks-${CONFIGURATION}-output-files.xcfilelist",
			);
			runOnlyForDeploymentPostprocessing = 0;
			shellPath = /bin/sh;
			shellScript = "\"${PODS_ROOT}/Target Support Files/Pods-MovieApp/Pods-MovieApp-frameworks.sh\"\n";
			showEnvVarsInLog = 0;
		};
/* End PBXShellScriptBuildPhase section */

/* Begin PBXSourcesBuildPhase section */
		3D836B242922877F000F8209 /* Sources */ = {
			isa = PBXSourcesBuildPhase;
			buildActionMask = 2147483647;
			files = (
				3D836B572922DD73000F8209 /* ImageView+Extension.swift in Sources */,
				3D836B532922CF87000F8209 /* NetworkManager.swift in Sources */,
				3D836B302922877F000F8209 /* MainViewController.swift in Sources */,
				3D836B2C2922877F000F8209 /* AppDelegate.swift in Sources */,
				3D836B4D2922CB04000F8209 /* Strings.swift in Sources */,
				3D836B4A2922CA9A000F8209 /* EndPoint.swift in Sources */,
				3D836B4F2922CF46000F8209 /* ResponseModel.swift in Sources */,
				3D836B2E2922877F000F8209 /* SceneDelegate.swift in Sources */,
				3D836B512922CF5E000F8209 /* Movie.swift in Sources */,
				3D836B432922892D000F8209 /* MainViewModel.swift in Sources */,
				3D836B5B2922EA56000F8209 /* NowPlayingCell.swift in Sources */,
			);
			runOnlyForDeploymentPostprocessing = 0;
		};
/* End PBXSourcesBuildPhase section */

/* Begin PBXVariantGroup section */
		3D836B3629228781000F8209 /* LaunchScreen.storyboard */ = {
			isa = PBXVariantGroup;
			children = (
				3D836B3729228781000F8209 /* Base */,
			);
			name = LaunchScreen.storyboard;
			sourceTree = "<group>";
		};
/* End PBXVariantGroup section */

/* Begin XCBuildConfiguration section */
		3D836B3A29228781000F8209 /* Debug */ = {
			isa = XCBuildConfiguration;
			buildSettings = {
				ALWAYS_SEARCH_USER_PATHS = NO;
				CLANG_ANALYZER_NONNULL = YES;
				CLANG_ANALYZER_NUMBER_OBJECT_CONVERSION = YES_AGGRESSIVE;
				CLANG_CXX_LANGUAGE_STANDARD = "gnu++20";
				CLANG_ENABLE_MODULES = YES;
				CLANG_ENABLE_OBJC_ARC = YES;
				CLANG_ENABLE_OBJC_WEAK = YES;
				CLANG_WARN_BLOCK_CAPTURE_AUTORELEASING = YES;
				CLANG_WARN_BOOL_CONVERSION = YES;
				CLANG_WARN_COMMA = YES;
				CLANG_WARN_CONSTANT_CONVERSION = YES;
				CLANG_WARN_DEPRECATED_OBJC_IMPLEMENTATIONS = YES;
				CLANG_WARN_DIRECT_OBJC_ISA_USAGE = YES_ERROR;
				CLANG_WARN_DOCUMENTATION_COMMENTS = YES;
				CLANG_WARN_EMPTY_BODY = YES;
				CLANG_WARN_ENUM_CONVERSION = YES;
				CLANG_WARN_INFINITE_RECURSION = YES;
				CLANG_WARN_INT_CONVERSION = YES;
				CLANG_WARN_NON_LITERAL_NULL_CONVERSION = YES;
				CLANG_WARN_OBJC_IMPLICIT_RETAIN_SELF = YES;
				CLANG_WARN_OBJC_LITERAL_CONVERSION = YES;
				CLANG_WARN_OBJC_ROOT_CLASS = YES_ERROR;
				CLANG_WARN_QUOTED_INCLUDE_IN_FRAMEWORK_HEADER = YES;
				CLANG_WARN_RANGE_LOOP_ANALYSIS = YES;
				CLANG_WARN_STRICT_PROTOTYPES = YES;
				CLANG_WARN_SUSPICIOUS_MOVE = YES;
				CLANG_WARN_UNGUARDED_AVAILABILITY = YES_AGGRESSIVE;
				CLANG_WARN_UNREACHABLE_CODE = YES;
				CLANG_WARN__DUPLICATE_METHOD_MATCH = YES;
				COPY_PHASE_STRIP = NO;
				DEBUG_INFORMATION_FORMAT = dwarf;
				ENABLE_STRICT_OBJC_MSGSEND = YES;
				ENABLE_TESTABILITY = YES;
				GCC_C_LANGUAGE_STANDARD = gnu11;
				GCC_DYNAMIC_NO_PIC = NO;
				GCC_NO_COMMON_BLOCKS = YES;
				GCC_OPTIMIZATION_LEVEL = 0;
				GCC_PREPROCESSOR_DEFINITIONS = (
					"DEBUG=1",
					"$(inherited)",
				);
				GCC_WARN_64_TO_32_BIT_CONVERSION = YES;
				GCC_WARN_ABOUT_RETURN_TYPE = YES_ERROR;
				GCC_WARN_UNDECLARED_SELECTOR = YES;
				GCC_WARN_UNINITIALIZED_AUTOS = YES_AGGRESSIVE;
				GCC_WARN_UNUSED_FUNCTION = YES;
				GCC_WARN_UNUSED_VARIABLE = YES;
				IPHONEOS_DEPLOYMENT_TARGET = 16.0;
				MTL_ENABLE_DEBUG_INFO = INCLUDE_SOURCE;
				MTL_FAST_MATH = YES;
				ONLY_ACTIVE_ARCH = YES;
				SDKROOT = iphoneos;
				SWIFT_ACTIVE_COMPILATION_CONDITIONS = DEBUG;
				SWIFT_OPTIMIZATION_LEVEL = "-Onone";
			};
			name = Debug;
		};
		3D836B3B29228781000F8209 /* Release */ = {
			isa = XCBuildConfiguration;
			buildSettings = {
				ALWAYS_SEARCH_USER_PATHS = NO;
				CLANG_ANALYZER_NONNULL = YES;
				CLANG_ANALYZER_NUMBER_OBJECT_CONVERSION = YES_AGGRESSIVE;
				CLANG_CXX_LANGUAGE_STANDARD = "gnu++20";
				CLANG_ENABLE_MODULES = YES;
				CLANG_ENABLE_OBJC_ARC = YES;
				CLANG_ENABLE_OBJC_WEAK = YES;
				CLANG_WARN_BLOCK_CAPTURE_AUTORELEASING = YES;
				CLANG_WARN_BOOL_CONVERSION = YES;
				CLANG_WARN_COMMA = YES;
				CLANG_WARN_CONSTANT_CONVERSION = YES;
				CLANG_WARN_DEPRECATED_OBJC_IMPLEMENTATIONS = YES;
				CLANG_WARN_DIRECT_OBJC_ISA_USAGE = YES_ERROR;
				CLANG_WARN_DOCUMENTATION_COMMENTS = YES;
				CLANG_WARN_EMPTY_BODY = YES;
				CLANG_WARN_ENUM_CONVERSION = YES;
				CLANG_WARN_INFINITE_RECURSION = YES;
				CLANG_WARN_INT_CONVERSION = YES;
				CLANG_WARN_NON_LITERAL_NULL_CONVERSION = YES;
				CLANG_WARN_OBJC_IMPLICIT_RETAIN_SELF = YES;
				CLANG_WARN_OBJC_LITERAL_CONVERSION = YES;
				CLANG_WARN_OBJC_ROOT_CLASS = YES_ERROR;
				CLANG_WARN_QUOTED_INCLUDE_IN_FRAMEWORK_HEADER = YES;
				CLANG_WARN_RANGE_LOOP_ANALYSIS = YES;
				CLANG_WARN_STRICT_PROTOTYPES = YES;
				CLANG_WARN_SUSPICIOUS_MOVE = YES;
				CLANG_WARN_UNGUARDED_AVAILABILITY = YES_AGGRESSIVE;
				CLANG_WARN_UNREACHABLE_CODE = YES;
				CLANG_WARN__DUPLICATE_METHOD_MATCH = YES;
				COPY_PHASE_STRIP = NO;
				DEBUG_INFORMATION_FORMAT = "dwarf-with-dsym";
				ENABLE_NS_ASSERTIONS = NO;
				ENABLE_STRICT_OBJC_MSGSEND = YES;
				GCC_C_LANGUAGE_STANDARD = gnu11;
				GCC_NO_COMMON_BLOCKS = YES;
				GCC_WARN_64_TO_32_BIT_CONVERSION = YES;
				GCC_WARN_ABOUT_RETURN_TYPE = YES_ERROR;
				GCC_WARN_UNDECLARED_SELECTOR = YES;
				GCC_WARN_UNINITIALIZED_AUTOS = YES_AGGRESSIVE;
				GCC_WARN_UNUSED_FUNCTION = YES;
				GCC_WARN_UNUSED_VARIABLE = YES;
				IPHONEOS_DEPLOYMENT_TARGET = 16.0;
				MTL_ENABLE_DEBUG_INFO = NO;
				MTL_FAST_MATH = YES;
				SDKROOT = iphoneos;
				SWIFT_COMPILATION_MODE = wholemodule;
				SWIFT_OPTIMIZATION_LEVEL = "-O";
				VALIDATE_PRODUCT = YES;
			};
			name = Release;
		};
		3D836B3D29228781000F8209 /* Debug */ = {
			isa = XCBuildConfiguration;
			baseConfigurationReference = 49BA48756DA081992214782A /* Pods-MovieApp.debug.xcconfig */;
			buildSettings = {
				ASSETCATALOG_COMPILER_APPICON_NAME = AppIcon;
				ASSETCATALOG_COMPILER_GLOBAL_ACCENT_COLOR_NAME = AccentColor;
				CODE_SIGN_STYLE = Automatic;
				CURRENT_PROJECT_VERSION = 1;
				DEVELOPMENT_TEAM = AWRMXDZRF7;
				GENERATE_INFOPLIST_FILE = YES;
				INFOPLIST_FILE = MovieApp/Resources/Info.plist;
				INFOPLIST_KEY_UIApplicationSupportsIndirectInputEvents = YES;
				INFOPLIST_KEY_UILaunchStoryboardName = LaunchScreen;
				INFOPLIST_KEY_UISupportedInterfaceOrientations = UIInterfaceOrientationPortrait;
				INFOPLIST_KEY_UISupportedInterfaceOrientations_iPad = "UIInterfaceOrientationLandscapeLeft UIInterfaceOrientationLandscapeRight UIInterfaceOrientationPortrait UIInterfaceOrientationPortraitUpsideDown";
				LD_RUNPATH_SEARCH_PATHS = (
					"$(inherited)",
					"@executable_path/Frameworks",
				);
				MARKETING_VERSION = 1.0;
				PRODUCT_BUNDLE_IDENTIFIER = com.FatihGursoy.MovieApp;
				PRODUCT_NAME = "$(TARGET_NAME)";
				SUPPORTED_PLATFORMS = "iphoneos iphonesimulator";
				SUPPORTS_MACCATALYST = NO;
				SUPPORTS_MAC_DESIGNED_FOR_IPHONE_IPAD = NO;
				SWIFT_EMIT_LOC_STRINGS = YES;
				SWIFT_VERSION = 5.0;
				TARGETED_DEVICE_FAMILY = 1;
			};
			name = Debug;
		};
		3D836B3E29228781000F8209 /* Release */ = {
			isa = XCBuildConfiguration;
			baseConfigurationReference = 9B88D7A8136FDD2F5480768E /* Pods-MovieApp.release.xcconfig */;
			buildSettings = {
				ASSETCATALOG_COMPILER_APPICON_NAME = AppIcon;
				ASSETCATALOG_COMPILER_GLOBAL_ACCENT_COLOR_NAME = AccentColor;
				CODE_SIGN_STYLE = Automatic;
				CURRENT_PROJECT_VERSION = 1;
				DEVELOPMENT_TEAM = AWRMXDZRF7;
				GENERATE_INFOPLIST_FILE = YES;
				INFOPLIST_FILE = MovieApp/Resources/Info.plist;
				INFOPLIST_KEY_UIApplicationSupportsIndirectInputEvents = YES;
				INFOPLIST_KEY_UILaunchStoryboardName = LaunchScreen;
				INFOPLIST_KEY_UISupportedInterfaceOrientations = UIInterfaceOrientationPortrait;
				INFOPLIST_KEY_UISupportedInterfaceOrientations_iPad = "UIInterfaceOrientationLandscapeLeft UIInterfaceOrientationLandscapeRight UIInterfaceOrientationPortrait UIInterfaceOrientationPortraitUpsideDown";
				LD_RUNPATH_SEARCH_PATHS = (
					"$(inherited)",
					"@executable_path/Frameworks",
				);
				MARKETING_VERSION = 1.0;
				PRODUCT_BUNDLE_IDENTIFIER = com.FatihGursoy.MovieApp;
				PRODUCT_NAME = "$(TARGET_NAME)";
				SUPPORTED_PLATFORMS = "iphoneos iphonesimulator";
				SUPPORTS_MACCATALYST = NO;
				SUPPORTS_MAC_DESIGNED_FOR_IPHONE_IPAD = NO;
				SWIFT_EMIT_LOC_STRINGS = YES;
				SWIFT_VERSION = 5.0;
				TARGETED_DEVICE_FAMILY = 1;
			};
			name = Release;
		};
/* End XCBuildConfiguration section */

/* Begin XCConfigurationList section */
		3D836B232922877F000F8209 /* Build configuration list for PBXProject "MovieApp" */ = {
			isa = XCConfigurationList;
			buildConfigurations = (
				3D836B3A29228781000F8209 /* Debug */,
				3D836B3B29228781000F8209 /* Release */,
			);
			defaultConfigurationIsVisible = 0;
			defaultConfigurationName = Release;
		};
		3D836B3C29228781000F8209 /* Build configuration list for PBXNativeTarget "MovieApp" */ = {
			isa = XCConfigurationList;
			buildConfigurations = (
				3D836B3D29228781000F8209 /* Debug */,
				3D836B3E29228781000F8209 /* Release */,
			);
			defaultConfigurationIsVisible = 0;
			defaultConfigurationName = Release;
		};
/* End XCConfigurationList section */
	};
	rootObject = 3D836B202922877F000F8209 /* Project object */;
}
